{
  "name": "bd-team-project-project-kitty",
  "lockfileVersion": 2,
  "requires": true,
  "packages": {
    "": {
      "dependencies": {
        "cfn-response": "^1.0.1"
      }
    },
    "node_modules/cfn-response": {
      "version": "1.0.1",
      "resolved": "https://registry.npmjs.org/cfn-response/-/cfn-response-1.0.1.tgz",
      "integrity": "sha512-mHfgHUcGpIbmioV/gQ//5V+b8em/ZKFwAgzmbycflJ1q0AU66wlhIgarkYc4JXGgIca+0lxg+XEKO4ZwyZedaw=="
    }
  },
  "dependencies": {
    "cfn-response": {
      "version": "1.0.1",
      "resolved": "https://registry.npmjs.org/cfn-response/-/cfn-response-1.0.1.tgz",
      "integrity": "sha512-mHfgHUcGpIbmioV/gQ//5V+b8em/ZKFwAgzmbycflJ1q0AU66wlhIgarkYc4JXGgIca+0lxg+XEKO4ZwyZedaw=="
    }
  }
}
